
Microsoft Visual Studio Solution File, Format Version 12.00
# Visual Studio 15
VisualStudioVersion = 15.0.27130.2020
MinimumVisualStudioVersion = 10.0.40219.1
Project("{9A19103F-16F7-4668-BE54-9A1E7A4F7556}") = "BLL", "BLL\BLL.csproj", "{330002F0-C767-4701-90AB-BDB98E038F1E}"
EndProject
Project("{9A19103F-16F7-4668-BE54-9A1E7A4F7556}") = "DAL", "DAL\DAL.csproj", "{BD9FE4DE-B15C-4F3A-AEF5-B9DF7ED1BA3A}"
EndProject
Project("{9A19103F-16F7-4668-BE54-9A1E7A4F7556}") = "IdentityServer", "IdentityServer\IdentityServer.csproj", "{E36C381F-6AA7-4F31-B842-A38915140E79}"
EndProject
Project("{9A19103F-16F7-4668-BE54-9A1E7A4F7556}") = "WebAPI", "WebAPI\WebAPI.csproj", "{535DDA76-DE96-4DC8-BD2B-2950CAB0DA55}"
EndProject
Project("{2150E333-8FDC-42A3-9474-1A3956D46DE8}") = "src", "src", "{892F108B-A42B-4A0E-A01C-183773B6EA6C}"
EndProject
Project("{2150E333-8FDC-42A3-9474-1A3956D46DE8}") = "tests", "tests", "{1C88FC96-F0CC-48B0-9336-1AE330FE55F3}"
EndProject
Project("{9A19103F-16F7-4668-BE54-9A1E7A4F7556}") = "BLL.Tests", "BLL.Tests\BLL.Tests.csproj", "{08ACF6B2-40BB-477D-BB93-6F88E0F1E828}"
EndProject
Project("{9A19103F-16F7-4668-BE54-9A1E7A4F7556}") = "DAL.Tests", "DAL.Tests\DAL.Tests.csproj", "{60130E62-CC2C-4D7F-A4D2-F0295B71396A}"
EndProject
Project("{9A19103F-16F7-4668-BE54-9A1E7A4F7556}") = "WebAPI.Tests", "WebAPI.Tests\WebAPI.Tests.csproj", "{35475A8A-7E89-47EE-8215-1F12EDB38EDD}"
EndProject
Project("{FAE04EC0-301F-11D3-BF4B-00C04F79EFBC}") = "ProjectCore", "ProjectCore\ProjectCore.csproj", "{010298EF-BFFC-470E-86F1-E4D3F79735B5}"
EndProject
Global
	GlobalSection(SolutionConfigurationPlatforms) = preSolution
		Debug|Any CPU = Debug|Any CPU
		Release|Any CPU = Release|Any CPU
	EndGlobalSection
	GlobalSection(ProjectConfigurationPlatforms) = postSolution
		{330002F0-C767-4701-90AB-BDB98E038F1E}.Debug|Any CPU.ActiveCfg = Debug|Any CPU
		{330002F0-C767-4701-90AB-BDB98E038F1E}.Debug|Any CPU.Build.0 = Debug|Any CPU
		{330002F0-C767-4701-90AB-BDB98E038F1E}.Release|Any CPU.ActiveCfg = Release|Any CPU
		{330002F0-C767-4701-90AB-BDB98E038F1E}.Release|Any CPU.Build.0 = Release|Any CPU
		{BD9FE4DE-B15C-4F3A-AEF5-B9DF7ED1BA3A}.Debug|Any CPU.ActiveCfg = Debug|Any CPU
		{BD9FE4DE-B15C-4F3A-AEF5-B9DF7ED1BA3A}.Debug|Any CPU.Build.0 = Debug|Any CPU
		{BD9FE4DE-B15C-4F3A-AEF5-B9DF7ED1BA3A}.Release|Any CPU.ActiveCfg = Release|Any CPU
		{BD9FE4DE-B15C-4F3A-AEF5-B9DF7ED1BA3A}.Release|Any CPU.Build.0 = Release|Any CPU
		{E36C381F-6AA7-4F31-B842-A38915140E79}.Debug|Any CPU.ActiveCfg = Debug|Any CPU
		{E36C381F-6AA7-4F31-B842-A38915140E79}.Debug|Any CPU.Build.0 = Debug|Any CPU
		{E36C381F-6AA7-4F31-B842-A38915140E79}.Release|Any CPU.ActiveCfg = Release|Any CPU
		{E36C381F-6AA7-4F31-B842-A38915140E79}.Release|Any CPU.Build.0 = Release|Any CPU
		{535DDA76-DE96-4DC8-BD2B-2950CAB0DA55}.Debug|Any CPU.ActiveCfg = Debug|Any CPU
		{535DDA76-DE96-4DC8-BD2B-2950CAB0DA55}.Debug|Any CPU.Build.0 = Debug|Any CPU
		{535DDA76-DE96-4DC8-BD2B-2950CAB0DA55}.Release|Any CPU.ActiveCfg = Release|Any CPU
		{535DDA76-DE96-4DC8-BD2B-2950CAB0DA55}.Release|Any CPU.Build.0 = Release|Any CPU
		{08ACF6B2-40BB-477D-BB93-6F88E0F1E828}.Debug|Any CPU.ActiveCfg = Debug|Any CPU
		{08ACF6B2-40BB-477D-BB93-6F88E0F1E828}.Debug|Any CPU.Build.0 = Debug|Any CPU
		{08ACF6B2-40BB-477D-BB93-6F88E0F1E828}.Release|Any CPU.ActiveCfg = Release|Any CPU
		{08ACF6B2-40BB-477D-BB93-6F88E0F1E828}.Release|Any CPU.Build.0 = Release|Any CPU
		{60130E62-CC2C-4D7F-A4D2-F0295B71396A}.Debug|Any CPU.ActiveCfg = Debug|Any CPU
		{60130E62-CC2C-4D7F-A4D2-F0295B71396A}.Debug|Any CPU.Build.0 = Debug|Any CPU
		{60130E62-CC2C-4D7F-A4D2-F0295B71396A}.Release|Any CPU.ActiveCfg = Release|Any CPU
		{60130E62-CC2C-4D7F-A4D2-F0295B71396A}.Release|Any CPU.Build.0 = Release|Any CPU
		{35475A8A-7E89-47EE-8215-1F12EDB38EDD}.Debug|Any CPU.ActiveCfg = Debug|Any CPU
		{35475A8A-7E89-47EE-8215-1F12EDB38EDD}.Debug|Any CPU.Build.0 = Debug|Any CPU
		{35475A8A-7E89-47EE-8215-1F12EDB38EDD}.Release|Any CPU.ActiveCfg = Release|Any CPU
		{35475A8A-7E89-47EE-8215-1F12EDB38EDD}.Release|Any CPU.Build.0 = Release|Any CPU
		{010298EF-BFFC-470E-86F1-E4D3F79735B5}.Debug|Any CPU.ActiveCfg = Debug|Any CPU
		{010298EF-BFFC-470E-86F1-E4D3F79735B5}.Debug|Any CPU.Build.0 = Debug|Any CPU
		{010298EF-BFFC-470E-86F1-E4D3F79735B5}.Release|Any CPU.ActiveCfg = Release|Any CPU
		{010298EF-BFFC-470E-86F1-E4D3F79735B5}.Release|Any CPU.Build.0 = Release|Any CPU
	EndGlobalSection
	GlobalSection(SolutionProperties) = preSolution
		HideSolutionNode = FALSE
	EndGlobalSection
	GlobalSection(NestedProjects) = preSolution
		{330002F0-C767-4701-90AB-BDB98E038F1E} = {892F108B-A42B-4A0E-A01C-183773B6EA6C}
		{BD9FE4DE-B15C-4F3A-AEF5-B9DF7ED1BA3A} = {892F108B-A42B-4A0E-A01C-183773B6EA6C}
		{E36C381F-6AA7-4F31-B842-A38915140E79} = {892F108B-A42B-4A0E-A01C-183773B6EA6C}
		{535DDA76-DE96-4DC8-BD2B-2950CAB0DA55} = {892F108B-A42B-4A0E-A01C-183773B6EA6C}
		{08ACF6B2-40BB-477D-BB93-6F88E0F1E828} = {1C88FC96-F0CC-48B0-9336-1AE330FE55F3}
		{60130E62-CC2C-4D7F-A4D2-F0295B71396A} = {1C88FC96-F0CC-48B0-9336-1AE330FE55F3}
		{35475A8A-7E89-47EE-8215-1F12EDB38EDD} = {1C88FC96-F0CC-48B0-9336-1AE330FE55F3}
		{010298EF-BFFC-470E-86F1-E4D3F79735B5} = {892F108B-A42B-4A0E-A01C-183773B6EA6C}
	EndGlobalSection
	GlobalSection(ExtensibilityGlobals) = postSolution
		SolutionGuid = {6612286E-BBA8-46E1-BBE2-D241429682FD}
	EndGlobalSection
EndGlobal
